Microsoft Visual Studio Solution File, Format Version 12.00
# Visual Studio Version 17
VisualStudioVersion = 17.5.2.0
MinimumVisualStudioVersion = 10.0.40219.1
Project("{FAE04EC0-301F-11D3-BF4B-00C04F79EFBC}") = "esFacileSingleton3", "esFacileSingleton3.csproj", "{CC8AE52B-CC47-7FD3-A0F8-44FE815C6CC0}"
EndProject
Global
	GlobalSection(SolutionConfigurationPlatforms) = preSolution
		Debug|Any CPU = Debug|Any CPU
		Release|Any CPU = Release|Any CPU
	EndGlobalSection
	GlobalSection(ProjectConfigurationPlatforms) = postSolution
		{CC8AE52B-CC47-7FD3-A0F8-44FE815C6CC0}.Debug|Any CPU.ActiveCfg = Debug|Any CPU
		{CC8AE52B-CC47-7FD3-A0F8-44FE815C6CC0}.Debug|Any CPU.Build.0 = Debug|Any CPU
		{CC8AE52B-CC47-7FD3-A0F8-44FE815C6CC0}.Release|Any CPU.ActiveCfg = Release|Any CPU
		{CC8AE52B-CC47-7FD3-A0F8-44FE815C6CC0}.Release|Any CPU.Build.0 = Release|Any CPU
	EndGlobalSection
	GlobalSection(SolutionProperties) = preSolution
		HideSolutionNode = FALSE
	EndGlobalSection
	GlobalSection(ExtensibilityGlobals) = postSolution
		SolutionGuid = {B766C855-9340-4C39-B189-F3AE54DCCC40}
	EndGlobalSection
EndGlobal
