Microsoft Visual Studio Solution File, Format Version 12.00
# Visual Studio Version 17
VisualStudioVersion = 17.5.2.0
MinimumVisualStudioVersion = 10.0.40219.1
Project("{FAE04EC0-301F-11D3-BF4B-00C04F79EFBC}") = "eserTwoRules", "eserTwoRules.csproj", "{469F5EEF-288B-0F0D-6947-AF24B2B193AE}"
EndProject
Global
	GlobalSection(SolutionConfigurationPlatforms) = preSolution
		Debug|Any CPU = Debug|Any CPU
		Release|Any CPU = Release|Any CPU
	EndGlobalSection
	GlobalSection(ProjectConfigurationPlatforms) = postSolution
		{469F5EEF-288B-0F0D-6947-AF24B2B193AE}.Debug|Any CPU.ActiveCfg = Debug|Any CPU
		{469F5EEF-288B-0F0D-6947-AF24B2B193AE}.Debug|Any CPU.Build.0 = Debug|Any CPU
		{469F5EEF-288B-0F0D-6947-AF24B2B193AE}.Release|Any CPU.ActiveCfg = Release|Any CPU
		{469F5EEF-288B-0F0D-6947-AF24B2B193AE}.Release|Any CPU.Build.0 = Release|Any CPU
	EndGlobalSection
	GlobalSection(SolutionProperties) = preSolution
		HideSolutionNode = FALSE
	EndGlobalSection
	GlobalSection(ExtensibilityGlobals) = postSolution
		SolutionGuid = {8CA8ECF5-EF64-4A38-9FE5-04CF28BF7775}
	EndGlobalSection
EndGlobal
