Microsoft Visual Studio Solution File, Format Version 12.00
# Visual Studio Version 17
VisualStudioVersion = 17.5.2.0
MinimumVisualStudioVersion = 10.0.40219.1
Project("{FAE04EC0-301F-11D3-BF4B-00C04F79EFBC}") = "prodotti", "prodotti.csproj", "{C2349C35-7A1F-3D4D-AD4D-0FCA0B53E990}"
EndProject
Global
	GlobalSection(SolutionConfigurationPlatforms) = preSolution
		Debug|Any CPU = Debug|Any CPU
		Release|Any CPU = Release|Any CPU
	EndGlobalSection
	GlobalSection(ProjectConfigurationPlatforms) = postSolution
		{C2349C35-7A1F-3D4D-AD4D-0FCA0B53E990}.Debug|Any CPU.ActiveCfg = Debug|Any CPU
		{C2349C35-7A1F-3D4D-AD4D-0FCA0B53E990}.Debug|Any CPU.Build.0 = Debug|Any CPU
		{C2349C35-7A1F-3D4D-AD4D-0FCA0B53E990}.Release|Any CPU.ActiveCfg = Release|Any CPU
		{C2349C35-7A1F-3D4D-AD4D-0FCA0B53E990}.Release|Any CPU.Build.0 = Release|Any CPU
	EndGlobalSection
	GlobalSection(SolutionProperties) = preSolution
		HideSolutionNode = FALSE
	EndGlobalSection
	GlobalSection(ExtensibilityGlobals) = postSolution
		SolutionGuid = {9C59D1F5-7081-4FF5-BD54-2A813A952842}
	EndGlobalSection
EndGlobal
