Microsoft Visual Studio Solution File, Format Version 12.00
# Visual Studio Version 17
VisualStudioVersion = 17.5.2.0
MinimumVisualStudioVersion = 10.0.40219.1
Project("{FAE04EC0-301F-11D3-BF4B-00C04F79EFBC}") = "rubrica", "rubrica.csproj", "{65BA548C-7BBB-B11E-56E6-FD3C94CD384F}"
EndProject
Global
	GlobalSection(SolutionConfigurationPlatforms) = preSolution
		Debug|Any CPU = Debug|Any CPU
		Release|Any CPU = Release|Any CPU
	EndGlobalSection
	GlobalSection(ProjectConfigurationPlatforms) = postSolution
		{65BA548C-7BBB-B11E-56E6-FD3C94CD384F}.Debug|Any CPU.ActiveCfg = Debug|Any CPU
		{65BA548C-7BBB-B11E-56E6-FD3C94CD384F}.Debug|Any CPU.Build.0 = Debug|Any CPU
		{65BA548C-7BBB-B11E-56E6-FD3C94CD384F}.Release|Any CPU.ActiveCfg = Release|Any CPU
		{65BA548C-7BBB-B11E-56E6-FD3C94CD384F}.Release|Any CPU.Build.0 = Release|Any CPU
	EndGlobalSection
	GlobalSection(SolutionProperties) = preSolution
		HideSolutionNode = FALSE
	EndGlobalSection
	GlobalSection(ExtensibilityGlobals) = postSolution
		SolutionGuid = {A3AB9756-AC2F-42BB-95DF-B4BE374FCC66}
	EndGlobalSection
EndGlobal
