Microsoft Visual Studio Solution File, Format Version 12.00
# Visual Studio Version 17
VisualStudioVersion = 17.5.2.0
MinimumVisualStudioVersion = 10.0.40219.1
Project("{FAE04EC0-301F-11D3-BF4B-00C04F79EFBC}") = "eserAstrazione", "eserAstrazione.csproj", "{E4540DA2-70FA-000B-9FCD-5A87FC6AA755}"
EndProject
Global
	GlobalSection(SolutionConfigurationPlatforms) = preSolution
		Debug|Any CPU = Debug|Any CPU
		Release|Any CPU = Release|Any CPU
	EndGlobalSection
	GlobalSection(ProjectConfigurationPlatforms) = postSolution
		{E4540DA2-70FA-000B-9FCD-5A87FC6AA755}.Debug|Any CPU.ActiveCfg = Debug|Any CPU
		{E4540DA2-70FA-000B-9FCD-5A87FC6AA755}.Debug|Any CPU.Build.0 = Debug|Any CPU
		{E4540DA2-70FA-000B-9FCD-5A87FC6AA755}.Release|Any CPU.ActiveCfg = Release|Any CPU
		{E4540DA2-70FA-000B-9FCD-5A87FC6AA755}.Release|Any CPU.Build.0 = Release|Any CPU
	EndGlobalSection
	GlobalSection(SolutionProperties) = preSolution
		HideSolutionNode = FALSE
	EndGlobalSection
	GlobalSection(ExtensibilityGlobals) = postSolution
		SolutionGuid = {B7B1285F-6BE5-4BD4-8257-219E94F2873B}
	EndGlobalSection
EndGlobal
