Microsoft Visual Studio Solution File, Format Version 12.00
# Visual Studio Version 17
VisualStudioVersion = 17.5.2.0
MinimumVisualStudioVersion = 10.0.40219.1
Project("{FAE04EC0-301F-11D3-BF4B-00C04F79EFBC}") = "eserciziLista", "eserciziLista.csproj", "{CBA6A7CC-3CEB-C55E-ABFB-E17004AFCCD8}"
EndProject
Global
	GlobalSection(SolutionConfigurationPlatforms) = preSolution
		Debug|Any CPU = Debug|Any CPU
		Release|Any CPU = Release|Any CPU
	EndGlobalSection
	GlobalSection(ProjectConfigurationPlatforms) = postSolution
		{CBA6A7CC-3CEB-C55E-ABFB-E17004AFCCD8}.Debug|Any CPU.ActiveCfg = Debug|Any CPU
		{CBA6A7CC-3CEB-C55E-ABFB-E17004AFCCD8}.Debug|Any CPU.Build.0 = Debug|Any CPU
		{CBA6A7CC-3CEB-C55E-ABFB-E17004AFCCD8}.Release|Any CPU.ActiveCfg = Release|Any CPU
		{CBA6A7CC-3CEB-C55E-ABFB-E17004AFCCD8}.Release|Any CPU.Build.0 = Release|Any CPU
	EndGlobalSection
	GlobalSection(SolutionProperties) = preSolution
		HideSolutionNode = FALSE
	EndGlobalSection
	GlobalSection(ExtensibilityGlobals) = postSolution
		SolutionGuid = {1027304B-5A97-4F6A-A1C5-9E884F60D0C3}
	EndGlobalSection
EndGlobal
