Microsoft Visual Studio Solution File, Format Version 12.00
# Visual Studio Version 17
VisualStudioVersion = 17.5.2.0
MinimumVisualStudioVersion = 10.0.40219.1
Project("{FAE04EC0-301F-11D3-BF4B-00C04F79EFBC}") = "eserLavoro", "eserLavoro.csproj", "{C1BD8396-3B11-A293-72D7-65633143CBE6}"
EndProject
Global
	GlobalSection(SolutionConfigurationPlatforms) = preSolution
		Debug|Any CPU = Debug|Any CPU
		Release|Any CPU = Release|Any CPU
	EndGlobalSection
	GlobalSection(ProjectConfigurationPlatforms) = postSolution
		{C1BD8396-3B11-A293-72D7-65633143CBE6}.Debug|Any CPU.ActiveCfg = Debug|Any CPU
		{C1BD8396-3B11-A293-72D7-65633143CBE6}.Debug|Any CPU.Build.0 = Debug|Any CPU
		{C1BD8396-3B11-A293-72D7-65633143CBE6}.Release|Any CPU.ActiveCfg = Release|Any CPU
		{C1BD8396-3B11-A293-72D7-65633143CBE6}.Release|Any CPU.Build.0 = Release|Any CPU
	EndGlobalSection
	GlobalSection(SolutionProperties) = preSolution
		HideSolutionNode = FALSE
	EndGlobalSection
	GlobalSection(ExtensibilityGlobals) = postSolution
		SolutionGuid = {8840C753-6340-4FEE-B112-3D9B9B8721E0}
	EndGlobalSection
EndGlobal
