Microsoft Visual Studio Solution File, Format Version 12.00
# Visual Studio Version 17
VisualStudioVersion = 17.5.2.0
MinimumVisualStudioVersion = 10.0.40219.1
Project("{FAE04EC0-301F-11D3-BF4B-00C04F79EFBC}") = "provePoliformismo", "provePoliformismo.csproj", "{3198FBE5-8A2D-6DB0-A389-FD7E57D06ACE}"
EndProject
Global
	GlobalSection(SolutionConfigurationPlatforms) = preSolution
		Debug|Any CPU = Debug|Any CPU
		Release|Any CPU = Release|Any CPU
	EndGlobalSection
	GlobalSection(ProjectConfigurationPlatforms) = postSolution
		{3198FBE5-8A2D-6DB0-A389-FD7E57D06ACE}.Debug|Any CPU.ActiveCfg = Debug|Any CPU
		{3198FBE5-8A2D-6DB0-A389-FD7E57D06ACE}.Debug|Any CPU.Build.0 = Debug|Any CPU
		{3198FBE5-8A2D-6DB0-A389-FD7E57D06ACE}.Release|Any CPU.ActiveCfg = Release|Any CPU
		{3198FBE5-8A2D-6DB0-A389-FD7E57D06ACE}.Release|Any CPU.Build.0 = Release|Any CPU
	EndGlobalSection
	GlobalSection(SolutionProperties) = preSolution
		HideSolutionNode = FALSE
	EndGlobalSection
	GlobalSection(ExtensibilityGlobals) = postSolution
		SolutionGuid = {87101953-5C3A-4B9C-BE40-4A352FA9F392}
	EndGlobalSection
EndGlobal
